
Microsoft Visual Studio Solution File, Format Version 12.00
# Visual Studio Version 17
VisualStudioVersion = 17.14.36203.30 d17.14
MinimumVisualStudioVersion = 10.0.40219.1
Project("{FAE04EC0-301F-11D3-BF4B-00C04F79EFBC}") = "AdImpressionService", "AdImpressionService\AdImpressionService.csproj", "{D36A6FD2-FB86-4B24-B62B-61C6D96412FB}"
EndProject
Global
	GlobalSection(SolutionConfigurationPlatforms) = preSolution
		Debug|Any CPU = Debug|Any CPU
		Release|Any CPU = Release|Any CPU
	EndGlobalSection
	GlobalSection(ProjectConfigurationPlatforms) = postSolution
		{D36A6FD2-FB86-4B24-B62B-61C6D96412FB}.Debug|Any CPU.ActiveCfg = Debug|Any CPU
		{D36A6FD2-FB86-4B24-B62B-61C6D96412FB}.Debug|Any CPU.Build.0 = Debug|Any CPU
		{D36A6FD2-FB86-4B24-B62B-61C6D96412FB}.Release|Any CPU.ActiveCfg = Release|Any CPU
		{D36A6FD2-FB86-4B24-B62B-61C6D96412FB}.Release|Any CPU.Build.0 = Release|Any CPU
	EndGlobalSection
	GlobalSection(SolutionProperties) = preSolution
		HideSolutionNode = FALSE
	EndGlobalSection
	GlobalSection(ExtensibilityGlobals) = postSolution
		SolutionGuid = {B79E1931-19F8-45CF-825D-B84CE46AABA7}
	EndGlobalSection
EndGlobal
